{
  "name": "lottery",
  "version": "1.0.0",
  "lockfileVersion": 1,
  "requires": true,
  "dependencies": {
    "openzeppelin-solidity": {
      "version": "2.2.0",
      "resolved": "https://registry.npmjs.org/openzeppelin-solidity/-/openzeppelin-solidity-2.2.0.tgz",
      "integrity": "sha512-HfQq0xyT+EPs/lTWEd5Odu4T7CYdYe+qwf54EH28FQZthp4Bs6IWvOlOumTdS2dvpwZoTXURAopHn2LN1pwAGQ=="
    },
    "web3": {
      "version": "github:ethereum/web3.js#441c309d3304ffbc36fca4ef483adf314b5f4801",
      "from": "github:ethereum/web3.js"
    }
  }
}
